
Microsoft Visual Studio Solution File, Format Version 12.00
# Visual Studio 15
VisualStudioVersion = 15.0.26730.8
MinimumVisualStudioVersion = 10.0.40219.1
Project("{FAE04EC0-301F-11D3-BF4B-00C04F79EFBC}") = "Cryptox server", "Cryptox server\Cryptox server.csproj", "{26158858-1AEA-4F63-83E8-DE5C7A5321BD}"
EndProject
Global
	GlobalSection(SolutionConfigurationPlatforms) = preSolution
		Debug|Any CPU = Debug|Any CPU
		Debug|x64 = Debug|x64
		Release|Any CPU = Release|Any CPU
		Release|x64 = Release|x64
	EndGlobalSection
	GlobalSection(ProjectConfigurationPlatforms) = postSolution
		{26158858-1AEA-4F63-83E8-DE5C7A5321BD}.Debug|Any CPU.ActiveCfg = Debug|Any CPU
		{26158858-1AEA-4F63-83E8-DE5C7A5321BD}.Debug|Any CPU.Build.0 = Debug|Any CPU
		{26158858-1AEA-4F63-83E8-DE5C7A5321BD}.Debug|x64.ActiveCfg = Debug|x64
		{26158858-1AEA-4F63-83E8-DE5C7A5321BD}.Debug|x64.Build.0 = Debug|x64
		{26158858-1AEA-4F63-83E8-DE5C7A5321BD}.Release|Any CPU.ActiveCfg = Release|Any CPU
		{26158858-1AEA-4F63-83E8-DE5C7A5321BD}.Release|Any CPU.Build.0 = Release|Any CPU
		{26158858-1AEA-4F63-83E8-DE5C7A5321BD}.Release|x64.ActiveCfg = Release|x64
		{26158858-1AEA-4F63-83E8-DE5C7A5321BD}.Release|x64.Build.0 = Release|x64
	EndGlobalSection
	GlobalSection(SolutionProperties) = preSolution
		HideSolutionNode = FALSE
	EndGlobalSection
	GlobalSection(ExtensibilityGlobals) = postSolution
		SolutionGuid = {F258D5B4-29D9-4B88-97F8-0BE16DAEF759}
	EndGlobalSection
EndGlobal
